{
  "name": "ccusage-heat30",
  "version": "0.4.0",
  "lockfileVersion": 3,
  "requires": true,
  "packages": {
    "": {
      "name": "ccusage-heat30",
      "version": "0.4.0",
      "license": "MIT",
      "dependencies": {
        "@ccusage/codex": "^17.0.2",
        "ccusage": "^17.0.2"
      },
      "bin": {
        "ccheat30": "bin/cli.mjs"
      },
      "engines": {
        "node": ">=20.19.4"
      }
    },
    "node_modules/@ccusage/codex": {
      "version": "17.0.2",
      "resolved": "https://registry.npmjs.org/@ccusage/codex/-/codex-17.0.2.tgz",
      "integrity": "sha512-EJXxtuTIq8UKRqE+jpYqbQ+xAkfhwX110eYUMeiQSYacNQrD8lok4gMn1bVdVzHoDZI8CpFRZ6vuGu4Fww5I9Q==",
      "license": "MIT",
      "bin": {
        "ccusage-codex": "dist/index.js"
      },
      "engines": {
        "node": ">=20.19.4"
      },
      "funding": {
        "url": "https://github.com/ryoppippi/ccusage?sponsor=1"
      }
    },
    "node_modules/ccusage": {
      "version": "17.0.2",
      "resolved": "https://registry.npmjs.org/ccusage/-/ccusage-17.0.2.tgz",
      "integrity": "sha512-t8W/L8bjOvH0BtnPusATWGmMrrWVqQ3Yp5Jb+zqws9FbL3nxAeScPDH43BVaXbKIK98fJSFmKapRJnnfTSR4Rg==",
      "license": "MIT",
      "bin": {
        "ccusage": "dist/index.js"
      },
      "engines": {
        "node": ">=20.19.4"
      },
      "funding": {
        "url": "https://github.com/ryoppippi/ccusage?sponsor=1"
      }
    }
  }
}
